// !$*UTF8*$!
{
	archiveVersion = 1;
	classes = {
	};
	objectVersion = 50;
	objects = {

/* Begin PBXBuildFile section */
		FB37BB1525AC68910036F502 /* AppDelegate.swift in Sources */ = {isa = PBXBuildFile; fileRef = FB37BB1425AC68910036F502 /* AppDelegate.swift */; };
		FB37BB1725AC68910036F502 /* SceneDelegate.swift in Sources */ = {isa = PBXBuildFile; fileRef = FB37BB1625AC68910036F502 /* SceneDelegate.swift */; };
		FB37BB1925AC68910036F502 /* ViewController.swift in Sources */ = {isa = PBXBuildFile; fileRef = FB37BB1825AC68910036F502 /* ViewController.swift */; };
		FB37BB1C25AC68910036F502 /* Main.storyboard in Resources */ = {isa = PBXBuildFile; fileRef = FB37BB1A25AC68910036F502 /* Main.storyboard */; };
		FB37BB1E25AC68930036F502 /* Assets.xcassets in Resources */ = {isa = PBXBuildFile; fileRef = FB37BB1D25AC68930036F502 /* Assets.xcassets */; };
		FB37BB2125AC68930036F502 /* LaunchScreen.storyboard in Resources */ = {isa = PBXBuildFile; fileRef = FB37BB1F25AC68930036F502 /* LaunchScreen.storyboard */; };
		FB37BB2C25AC68930036F502 /* QuizrTests.swift in Sources */ = {isa = PBXBuildFile; fileRef = FB37BB2B25AC68930036F502 /* QuizrTests.swift */; };
		FB37BB3725AC68930036F502 /* QuizrUITests.swift in Sources */ = {isa = PBXBuildFile; fileRef = FB37BB3625AC68930036F502 /* QuizrUITests.swift */; };
/* End PBXBuildFile section */

/* Begin PBXContainerItemProxy section */
		FB37BB2825AC68930036F502 /* PBXContainerItemProxy */ = {
			isa = PBXContainerItemProxy;
			containerPortal = FB37BB0925AC68910036F502 /* Project object */;
			proxyType = 1;
			remoteGlobalIDString = FB37BB1025AC68910036F502;
			remoteInfo = Quizr;
		};
		FB37BB3325AC68930036F502 /* PBXContainerItemProxy */ = {
			isa = PBXContainerItemProxy;
			containerPortal = FB37BB0925AC68910036F502 /* Project object */;
			proxyType = 1;
			remoteGlobalIDString = FB37BB1025AC68910036F502;
			remoteInfo = Quizr;
		};
/* End PBXContainerItemProxy section */

/* Begin PBXFileReference section */
		FB37BB1125AC68910036F502 /* Quizr.app */ = {isa = PBXFileReference; explicitFileType = wrapper.application; includeInIndex = 0; path = Quizr.app; sourceTree = BUILT_PRODUCTS_DIR; };
		FB37BB1425AC68910036F502 /* AppDelegate.swift */ = {isa = PBXFileReference; lastKnownFileType = sourcecode.swift; path = AppDelegate.swift; sourceTree = "<group>"; };
		FB37BB1625AC68910036F502 /* SceneDelegate.swift */ = {isa = PBXFileReference; lastKnownFileType = sourcecode.swift; path = SceneDelegate.swift; sourceTree = "<group>"; };
		FB37BB1825AC68910036F502 /* ViewController.swift */ = {isa = PBXFileReference; lastKnownFileType = sourcecode.swift; path = ViewController.swift; sourceTree = "<group>"; };
		FB37BB1B25AC68910036F502 /* Base */ = {isa = PBXFileReference; lastKnownFileType = file.storyboard; name = Base; path = Base.lproj/Main.storyboard; sourceTree = "<group>"; };
		FB37BB1D25AC68930036F502 /* Assets.xcassets */ = {isa = PBXFileReference; lastKnownFileType = folder.assetcatalog; path = Assets.xcassets; sourceTree = "<group>"; };
		FB37BB2025AC68930036F502 /* Base */ = {isa = PBXFileReference; lastKnownFileType = file.storyboard; name = Base; path = Base.lproj/LaunchScreen.storyboard; sourceTree = "<group>"; };
		FB37BB2225AC68930036F502 /* Info.plist */ = {isa = PBXFileReference; lastKnownFileType = text.plist.xml; path = Info.plist; sourceTree = "<group>"; };
		FB37BB2725AC68930036F502 /* QuizrTests.xctest */ = {isa = PBXFileReference; explicitFileType = wrapper.cfbundle; includeInIndex = 0; path = QuizrTests.xctest; sourceTree = BUILT_PRODUCTS_DIR; };
		FB37BB2B25AC68930036F502 /* QuizrTests.swift */ = {isa = PBXFileReference; lastKnownFileType = sourcecode.swift; path = QuizrTests.swift; sourceTree = "<group>"; };
		FB37BB2D25AC68930036F502 /* Info.plist */ = {isa = PBXFileReference; lastKnownFileType = text.plist.xml; path = Info.plist; sourceTree = "<group>"; };
		FB37BB3225AC68930036F502 /* QuizrUITests.xctest */ = {isa = PBXFileReference; explicitFileType = wrapper.cfbundle; includeInIndex = 0; path = QuizrUITests.xctest; sourceTree = BUILT_PRODUCTS_DIR; };
		FB37BB3625AC68930036F502 /* QuizrUITests.swift */ = {isa = PBXFileReference; lastKnownFileType = sourcecode.swift; path = QuizrUITests.swift; sourceTree = "<group>"; };
		FB37BB3825AC68930036F502 /* Info.plist */ = {isa = PBXFileReference; lastKnownFileType = text.plist.xml; path = Info.plist; sourceTree = "<group>"; };
/* End PBXFileReference section */

/* Begin PBXFrameworksBuildPhase section */
		FB37BB0E25AC68910036F502 /* Frameworks */ = {
			isa = PBXFrameworksBuildPhase;
			buildActionMask = 2147483647;
			files = (
			);
			runOnlyForDeploymentPostprocessing = 0;
		};
		FB37BB2425AC68930036F502 /* Frameworks */ = {
			isa = PBXFrameworksBuildPhase;
			buildActionMask = 2147483647;
			files = (
			);
			runOnlyForDeploymentPostprocessing = 0;
		};
		FB37BB2F25AC68930036F502 /* Frameworks */ = {
			isa = PBXFrameworksBuildPhase;
			buildActionMask = 2147483647;
			files = (
			);
			runOnlyForDeploymentPostprocessing = 0;
		};
/* End PBXFrameworksBuildPhase section */

/* Begin PBXGroup section */
		FB37BB0825AC68910036F502 = {
			isa = PBXGroup;
			children = (
				FB37BB1325AC68910036F502 /* Quizr */,
				FB37BB2A25AC68930036F502 /* QuizrTests */,
				FB37BB3525AC68930036F502 /* QuizrUITests */,
				FB37BB1225AC68910036F502 /* Products */,
			);
			sourceTree = "<group>";
		};
		FB37BB1225AC68910036F502 /* Products */ = {
			isa = PBXGroup;
			children = (
				FB37BB1125AC68910036F502 /* Quizr.app */,
				FB37BB2725AC68930036F502 /* QuizrTests.xctest */,
				FB37BB3225AC68930036F502 /* QuizrUITests.xctest */,
			);
			name = Products;
			sourceTree = "<group>";
		};
		FB37BB1325AC68910036F502 /* Quizr */ = {
			isa = PBXGroup;
			children = (
				FB37BB1425AC68910036F502 /* AppDelegate.swift */,
				FB37BB1625AC68910036F502 /* SceneDelegate.swift */,
				FB37BB1825AC68910036F502 /* ViewController.swift */,
				FB37BB1A25AC68910036F502 /* Main.storyboard */,
				FB37BB1D25AC68930036F502 /* Assets.xcassets */,
				FB37BB1F25AC68930036F502 /* LaunchScreen.storyboard */,
				FB37BB2225AC68930036F502 /* Info.plist */,
			);
			path = Quizr;
			sourceTree = "<group>";
		};
		FB37BB2A25AC68930036F502 /* QuizrTests */ = {
			isa = PBXGroup;
			children = (
				FB37BB2B25AC68930036F502 /* QuizrTests.swift */,
				FB37BB2D25AC68930036F502 /* Info.plist */,
			);
			path = QuizrTests;
			sourceTree = "<group>";
		};
		FB37BB3525AC68930036F502 /* QuizrUITests */ = {
			isa = PBXGroup;
			children = (
				FB37BB3625AC68930036F502 /* QuizrUITests.swift */,
				FB37BB3825AC68930036F502 /* Info.plist */,
			);
			path = QuizrUITests;
			sourceTree = "<group>";
		};
/* End PBXGroup section */

/* Begin PBXNativeTarget section */
		FB37BB1025AC68910036F502 /* Quizr */ = {
			isa = PBXNativeTarget;
			buildConfigurationList = FB37BB3B25AC68930036F502 /* Build configuration list for PBXNativeTarget "Quizr" */;
			buildPhases = (
				FB37BB0D25AC68910036F502 /* Sources */,
				FB37BB0E25AC68910036F502 /* Frameworks */,
				FB37BB0F25AC68910036F502 /* Resources */,
			);
			buildRules = (
			);
			dependencies = (
			);
			name = Quizr;
			productName = Quizr;
			productReference = FB37BB1125AC68910036F502 /* Quizr.app */;
			productType = "com.apple.product-type.application";
		};
		FB37BB2625AC68930036F502 /* QuizrTests */ = {
			isa = PBXNativeTarget;
			buildConfigurationList = FB37BB3E25AC68930036F502 /* Build configuration list for PBXNativeTarget "QuizrTests" */;
			buildPhases = (
				FB37BB2325AC68930036F502 /* Sources */,
				FB37BB2425AC68930036F502 /* Frameworks */,
				FB37BB2525AC68930036F502 /* Resources */,
			);
			buildRules = (
			);
			dependencies = (
				FB37BB2925AC68930036F502 /* PBXTargetDependency */,
			);
			name = QuizrTests;
			productName = QuizrTests;
			productReference = FB37BB2725AC68930036F502 /* QuizrTests.xctest */;
			productType = "com.apple.product-type.bundle.unit-test";
		};
		FB37BB3125AC68930036F502 /* QuizrUITests */ = {
			isa = PBXNativeTarget;
			buildConfigurationList = FB37BB4125AC68930036F502 /* Build configuration list for PBXNativeTarget "QuizrUITests" */;
			buildPhases = (
				FB37BB2E25AC68930036F502 /* Sources */,
				FB37BB2F25AC68930036F502 /* Frameworks */,
				FB37BB3025AC68930036F502 /* Resources */,
			);
			buildRules = (
			);
			dependencies = (
				FB37BB3425AC68930036F502 /* PBXTargetDependency */,
			);
			name = QuizrUITests;
			productName = QuizrUITests;
			productReference = FB37BB3225AC68930036F502 /* QuizrUITests.xctest */;
			productType = "com.apple.product-type.bundle.ui-testing";
		};
/* End PBXNativeTarget section */

/* Begin PBXProject section */
		FB37BB0925AC68910036F502 /* Project object */ = {
			isa = PBXProject;
			attributes = {
				LastSwiftUpdateCheck = 1230;
				LastUpgradeCheck = 1230;
				TargetAttributes = {
					FB37BB1025AC68910036F502 = {
						CreatedOnToolsVersion = 12.3;
					};
					FB37BB2625AC68930036F502 = {
						CreatedOnToolsVersion = 12.3;
						TestTargetID = FB37BB1025AC68910036F502;
					};
					FB37BB3125AC68930036F502 = {
						CreatedOnToolsVersion = 12.3;
						TestTargetID = FB37BB1025AC68910036F502;
					};
				};
			};
			buildConfigurationList = FB37BB0C25AC68910036F502 /* Build configuration list for PBXProject "Quizr" */;
			compatibilityVersion = "Xcode 9.3";
			developmentRegion = en;
			hasScannedForEncodings = 0;
			knownRegions = (
				en,
				Base,
			);
			mainGroup = FB37BB0825AC68910036F502;
			productRefGroup = FB37BB1225AC68910036F502 /* Products */;
			projectDirPath = "";
			projectRoot = "";
			targets = (
				FB37BB1025AC68910036F502 /* Quizr */,
				FB37BB2625AC68930036F502 /* QuizrTests */,
				FB37BB3125AC68930036F502 /* QuizrUITests */,
			);
		};
/* End PBXProject section */

/* Begin PBXResourcesBuildPhase section */
		FB37BB0F25AC68910036F502 /* Resources */ = {
			isa = PBXResourcesBuildPhase;
			buildActionMask = 2147483647;
			files = (
				FB37BB2125AC68930036F502 /* LaunchScreen.storyboard in Resources */,
				FB37BB1E25AC68930036F502 /* Assets.xcassets in Resources */,
				FB37BB1C25AC68910036F502 /* Main.storyboard in Resources */,
			);
			runOnlyForDeploymentPostprocessing = 0;
		};
		FB37BB2525AC68930036F502 /* Resources */ = {
			isa = PBXResourcesBuildPhase;
			buildActionMask = 2147483647;
			files = (
			);
			runOnlyForDeploymentPostprocessing = 0;
		};
		FB37BB3025AC68930036F502 /* Resources */ = {
			isa = PBXResourcesBuildPhase;
			buildActionMask = 2147483647;
			files = (
			);
			runOnlyForDeploymentPostprocessing = 0;
		};
/* End PBXResourcesBuildPhase section */

/* Begin PBXSourcesBuildPhase section */
		FB37BB0D25AC68910036F502 /* Sources */ = {
			isa = PBXSourcesBuildPhase;
			buildActionMask = 2147483647;
			files = (
				FB37BB1925AC68910036F502 /* ViewController.swift in Sources */,
				FB37BB1525AC68910036F502 /* AppDelegate.swift in Sources */,
				FB37BB1725AC68910036F502 /* SceneDelegate.swift in Sources */,
			);
			runOnlyForDeploymentPostprocessing = 0;
		};
		FB37BB2325AC68930036F502 /* Sources */ = {
			isa = PBXSourcesBuildPhase;
			buildActionMask = 2147483647;
			files = (
				FB37BB2C25AC68930036F502 /* QuizrTests.swift in Sources */,
			);
			runOnlyForDeploymentPostprocessing = 0;
		};
		FB37BB2E25AC68930036F502 /* Sources */ = {
			isa = PBXSourcesBuildPhase;
			buildActionMask = 2147483647;
			files = (
				FB37BB3725AC68930036F502 /* QuizrUITests.swift in Sources */,
			);
			runOnlyForDeploymentPostprocessing = 0;
		};
/* End PBXSourcesBuildPhase section */

/* Begin PBXTargetDependency section */
		FB37BB2925AC68930036F502 /* PBXTargetDependency */ = {
			isa = PBXTargetDependency;
			target = FB37BB1025AC68910036F502 /* Quizr */;
			targetProxy = FB37BB2825AC68930036F502 /* PBXContainerItemProxy */;
		};
		FB37BB3425AC68930036F502 /* PBXTargetDependency */ = {
			isa = PBXTargetDependency;
			target = FB37BB1025AC68910036F502 /* Quizr */;
			targetProxy = FB37BB3325AC68930036F502 /* PBXContainerItemProxy */;
		};
/* End PBXTargetDependency section */

/* Begin PBXVariantGroup section */
		FB37BB1A25AC68910036F502 /* Main.storyboard */ = {
			isa = PBXVariantGroup;
			children = (
				FB37BB1B25AC68910036F502 /* Base */,
			);
			name = Main.storyboard;
			sourceTree = "<group>";
		};
		FB37BB1F25AC68930036F502 /* LaunchScreen.storyboard */ = {
			isa = PBXVariantGroup;
			children = (
				FB37BB2025AC68930036F502 /* Base */,
			);
			name = LaunchScreen.storyboard;
			sourceTree = "<group>";
		};
/* End PBXVariantGroup section */

/* Begin XCBuildConfiguration section */
		FB37BB3925AC68930036F502 /* Debug */ = {
			isa = XCBuildConfiguration;
			buildSettings = {
				ALWAYS_SEARCH_USER_PATHS = NO;
				CLANG_ANALYZER_NONNULL = YES;
				CLANG_ANALYZER_NUMBER_OBJECT_CONVERSION = YES_AGGRESSIVE;
				CLANG_CXX_LANGUAGE_STANDARD = "gnu++14";
				CLANG_CXX_LIBRARY = "libc++";
				CLANG_ENABLE_MODULES = YES;
				CLANG_ENABLE_OBJC_ARC = YES;
				CLANG_ENABLE_OBJC_WEAK = YES;
				CLANG_WARN_BLOCK_CAPTURE_AUTORELEASING = YES;
				CLANG_WARN_BOOL_CONVERSION = YES;
				CLANG_WARN_COMMA = YES;
				CLANG_WARN_CONSTANT_CONVERSION = YES;
				CLANG_WARN_DEPRECATED_OBJC_IMPLEMENTATIONS = YES;
				CLANG_WARN_DIRECT_OBJC_ISA_USAGE = YES_ERROR;
				CLANG_WARN_DOCUMENTATION_COMMENTS = YES;
				CLANG_WARN_EMPTY_BODY = YES;
				CLANG_WARN_ENUM_CONVERSION = YES;
				CLANG_WARN_INFINITE_RECURSION = YES;
				CLANG_WARN_INT_CONVERSION = YES;
				CLANG_WARN_NON_LITERAL_NULL_CONVERSION = YES;
				CLANG_WARN_OBJC_IMPLICIT_RETAIN_SELF = YES;
				CLANG_WARN_OBJC_LITERAL_CONVERSION = YES;
				CLANG_WARN_OBJC_ROOT_CLASS = YES_ERROR;
				CLANG_WARN_QUOTED_INCLUDE_IN_FRAMEWORK_HEADER = YES;
				CLANG_WARN_RANGE_LOOP_ANALYSIS = YES;
				CLANG_WARN_STRICT_PROTOTYPES = YES;
				CLANG_WARN_SUSPICIOUS_MOVE = YES;
				CLANG_WARN_UNGUARDED_AVAILABILITY = YES_AGGRESSIVE;
				CLANG_WARN_UNREACHABLE_CODE = YES;
				CLANG_WARN__DUPLICATE_METHOD_MATCH = YES;
				COPY_PHASE_STRIP = NO;
				DEBUG_INFORMATION_FORMAT = dwarf;
				ENABLE_STRICT_OBJC_MSGSEND = YES;
				ENABLE_TESTABILITY = YES;
				GCC_C_LANGUAGE_STANDARD = gnu11;
				GCC_DYNAMIC_NO_PIC = NO;
				GCC_NO_COMMON_BLOCKS = YES;
				GCC_OPTIMIZATION_LEVEL = 0;
				GCC_PREPROCESSOR_DEFINITIONS = (
					"DEBUG=1",
					"$(inherited)",
				);
				GCC_WARN_64_TO_32_BIT_CONVERSION = YES;
				GCC_WARN_ABOUT_RETURN_TYPE = YES_ERROR;
				GCC_WARN_UNDECLARED_SELECTOR = YES;
				GCC_WARN_UNINITIALIZED_AUTOS = YES_AGGRESSIVE;
				GCC_WARN_UNUSED_FUNCTION = YES;
				GCC_WARN_UNUSED_VARIABLE = YES;
				IPHONEOS_DEPLOYMENT_TARGET = 14.3;
				MTL_ENABLE_DEBUG_INFO = INCLUDE_SOURCE;
				MTL_FAST_MATH = YES;
				ONLY_ACTIVE_ARCH = YES;
				SDKROOT = iphoneos;
				SWIFT_ACTIVE_COMPILATION_CONDITIONS = DEBUG;
				SWIFT_OPTIMIZATION_LEVEL = "-Onone";
			};
			name = Debug;
		};
		FB37BB3A25AC68930036F502 /* Release */ = {
			isa = XCBuildConfiguration;
			buildSettings = {
				ALWAYS_SEARCH_USER_PATHS = NO;
				CLANG_ANALYZER_NONNULL = YES;
				CLANG_ANALYZER_NUMBER_OBJECT_CONVERSION = YES_AGGRESSIVE;
				CLANG_CXX_LANGUAGE_STANDARD = "gnu++14";
				CLANG_CXX_LIBRARY = "libc++";
				CLANG_ENABLE_MODULES = YES;
				CLANG_ENABLE_OBJC_ARC = YES;
				CLANG_ENABLE_OBJC_WEAK = YES;
				CLANG_WARN_BLOCK_CAPTURE_AUTORELEASING = YES;
				CLANG_WARN_BOOL_CONVERSION = YES;
				CLANG_WARN_COMMA = YES;
				CLANG_WARN_CONSTANT_CONVERSION = YES;
				CLANG_WARN_DEPRECATED_OBJC_IMPLEMENTATIONS = YES;
				CLANG_WARN_DIRECT_OBJC_ISA_USAGE = YES_ERROR;
				CLANG_WARN_DOCUMENTATION_COMMENTS = YES;
				CLANG_WARN_EMPTY_BODY = YES;
				CLANG_WARN_ENUM_CONVERSION = YES;
				CLANG_WARN_INFINITE_RECURSION = YES;
				CLANG_WARN_INT_CONVERSION = YES;
				CLANG_WARN_NON_LITERAL_NULL_CONVERSION = YES;
				CLANG_WARN_OBJC_IMPLICIT_RETAIN_SELF = YES;
				CLANG_WARN_OBJC_LITERAL_CONVERSION = YES;
				CLANG_WARN_OBJC_ROOT_CLASS = YES_ERROR;
				CLANG_WARN_QUOTED_INCLUDE_IN_FRAMEWORK_HEADER = YES;
				CLANG_WARN_RANGE_LOOP_ANALYSIS = YES;
				CLANG_WARN_STRICT_PROTOTYPES = YES;
				CLANG_WARN_SUSPICIOUS_MOVE = YES;
				CLANG_WARN_UNGUARDED_AVAILABILITY = YES_AGGRESSIVE;
				CLANG_WARN_UNREACHABLE_CODE = YES;
				CLANG_WARN__DUPLICATE_METHOD_MATCH = YES;
				COPY_PHASE_STRIP = NO;
				DEBUG_INFORMATION_FORMAT = "dwarf-with-dsym";
				ENABLE_NS_ASSERTIONS = NO;
				ENABLE_STRICT_OBJC_MSGSEND = YES;
				GCC_C_LANGUAGE_STANDARD = gnu11;
				GCC_NO_COMMON_BLOCKS = YES;
				GCC_WARN_64_TO_32_BIT_CONVERSION = YES;
				GCC_WARN_ABOUT_RETURN_TYPE = YES_ERROR;
				GCC_WARN_UNDECLARED_SELECTOR = YES;
				GCC_WARN_UNINITIALIZED_AUTOS = YES_AGGRESSIVE;
				GCC_WARN_UNUSED_FUNCTION = YES;
				GCC_WARN_UNUSED_VARIABLE = YES;
				IPHONEOS_DEPLOYMENT_TARGET = 14.3;
				MTL_ENABLE_DEBUG_INFO = NO;
				MTL_FAST_MATH = YES;
				SDKROOT = iphoneos;
				SWIFT_COMPILATION_MODE = wholemodule;
				SWIFT_OPTIMIZATION_LEVEL = "-O";
				VALIDATE_PRODUCT = YES;
			};
			name = Release;
		};
		FB37BB3C25AC68930036F502 /* Debug */ = {
			isa = XCBuildConfiguration;
			buildSettings = {
				ASSETCATALOG_COMPILER_APPICON_NAME = AppIcon;
				ASSETCATALOG_COMPILER_GLOBAL_ACCENT_COLOR_NAME = AccentColor;
				CODE_SIGN_STYLE = Automatic;
				DEVELOPMENT_TEAM = J7427HD5GY;
				INFOPLIST_FILE = Quizr/Info.plist;
				LD_RUNPATH_SEARCH_PATHS = (
					"$(inherited)",
					"@executable_path/Frameworks",
				);
				PRODUCT_BUNDLE_IDENTIFIER = com.app.Quizr;
				PRODUCT_NAME = "$(TARGET_NAME)";
				SWIFT_VERSION = 5.0;
				TARGETED_DEVICE_FAMILY = "1,2";
			};
			name = Debug;
		};
		FB37BB3D25AC68930036F502 /* Release */ = {
			isa = XCBuildConfiguration;
			buildSettings = {
				ASSETCATALOG_COMPILER_APPICON_NAME = AppIcon;
				ASSETCATALOG_COMPILER_GLOBAL_ACCENT_COLOR_NAME = AccentColor;
				CODE_SIGN_STYLE = Automatic;
				DEVELOPMENT_TEAM = J7427HD5GY;
				INFOPLIST_FILE = Quizr/Info.plist;
				LD_RUNPATH_SEARCH_PATHS = (
					"$(inherited)",
					"@executable_path/Frameworks",
				);
				PRODUCT_BUNDLE_IDENTIFIER = com.app.Quizr;
				PRODUCT_NAME = "$(TARGET_NAME)";
				SWIFT_VERSION = 5.0;
				TARGETED_DEVICE_FAMILY = "1,2";
			};
			name = Release;
		};
		FB37BB3F25AC68930036F502 /* Debug */ = {
			isa = XCBuildConfiguration;
			buildSettings = {
				ALWAYS_EMBED_SWIFT_STANDARD_LIBRARIES = YES;
				BUNDLE_LOADER = "$(TEST_HOST)";
				CODE_SIGN_STYLE = Automatic;
				DEVELOPMENT_TEAM = J7427HD5GY;
				INFOPLIST_FILE = QuizrTests/Info.plist;
				IPHONEOS_DEPLOYMENT_TARGET = 14.3;
				LD_RUNPATH_SEARCH_PATHS = (
					"$(inherited)",
					"@executable_path/Frameworks",
					"@loader_path/Frameworks",
				);
				PRODUCT_BUNDLE_IDENTIFIER = com.app.QuizrTests;
				PRODUCT_NAME = "$(TARGET_NAME)";
				SWIFT_VERSION = 5.0;
				TARGETED_DEVICE_FAMILY = "1,2";
				TEST_HOST = "$(BUILT_PRODUCTS_DIR)/Quizr.app/Quizr";
			};
			name = Debug;
		};
		FB37BB4025AC68930036F502 /* Release */ = {
			isa = XCBuildConfiguration;
			buildSettings = {
				ALWAYS_EMBED_SWIFT_STANDARD_LIBRARIES = YES;
				BUNDLE_LOADER = "$(TEST_HOST)";
				CODE_SIGN_STYLE = Automatic;
				DEVELOPMENT_TEAM = J7427HD5GY;
				INFOPLIST_FILE = QuizrTests/Info.plist;
				IPHONEOS_DEPLOYMENT_TARGET = 14.3;
				LD_RUNPATH_SEARCH_PATHS = (
					"$(inherited)",
					"@executable_path/Frameworks",
					"@loader_path/Frameworks",
				);
				PRODUCT_BUNDLE_IDENTIFIER = com.app.QuizrTests;
				PRODUCT_NAME = "$(TARGET_NAME)";
				SWIFT_VERSION = 5.0;
				TARGETED_DEVICE_FAMILY = "1,2";
				TEST_HOST = "$(BUILT_PRODUCTS_DIR)/Quizr.app/Quizr";
			};
			name = Release;
		};
		FB37BB4225AC68930036F502 /* Debug */ = {
			isa = XCBuildConfiguration;
			buildSettings = {
				ALWAYS_EMBED_SWIFT_STANDARD_LIBRARIES = YES;
				CODE_SIGN_STYLE = Automatic;
				DEVELOPMENT_TEAM = J7427HD5GY;
				INFOPLIST_FILE = QuizrUITests/Info.plist;
				LD_RUNPATH_SEARCH_PATHS = (
					"$(inherited)",
					"@executable_path/Frameworks",
					"@loader_path/Frameworks",
				);
				PRODUCT_BUNDLE_IDENTIFIER = com.app.QuizrUITests;
				PRODUCT_NAME = "$(TARGET_NAME)";
				SWIFT_VERSION = 5.0;
				TARGETED_DEVICE_FAMILY = "1,2";
				TEST_TARGET_NAME = Quizr;
			};
			name = Debug;
		};
		FB37BB4325AC68930036F502 /* Release */ = {
			isa = XCBuildConfiguration;
			buildSettings = {
				ALWAYS_EMBED_SWIFT_STANDARD_LIBRARIES = YES;
				CODE_SIGN_STYLE = Automatic;
				DEVELOPMENT_TEAM = J7427HD5GY;
				INFOPLIST_FILE = QuizrUITests/Info.plist;
				LD_RUNPATH_SEARCH_PATHS = (
					"$(inherited)",
					"@executable_path/Frameworks",
					"@loader_path/Frameworks",
				);
				PRODUCT_BUNDLE_IDENTIFIER = com.app.QuizrUITests;
				PRODUCT_NAME = "$(TARGET_NAME)";
				SWIFT_VERSION = 5.0;
				TARGETED_DEVICE_FAMILY = "1,2";
				TEST_TARGET_NAME = Quizr;
			};
			name = Release;
		};
/* End XCBuildConfiguration section */

/* Begin XCConfigurationList section */
		FB37BB0C25AC68910036F502 /* Build configuration list for PBXProject "Quizr" */ = {
			isa = XCConfigurationList;
			buildConfigurations = (
				FB37BB3925AC68930036F502 /* Debug */,
				FB37BB3A25AC68930036F502 /* Release */,
			);
			defaultConfigurationIsVisible = 0;
			defaultConfigurationName = Release;
		};
		FB37BB3B25AC68930036F502 /* Build configuration list for PBXNativeTarget "Quizr" */ = {
			isa = XCConfigurationList;
			buildConfigurations = (
				FB37BB3C25AC68930036F502 /* Debug */,
				FB37BB3D25AC68930036F502 /* Release */,
			);
			defaultConfigurationIsVisible = 0;
			defaultConfigurationName = Release;
		};
		FB37BB3E25AC68930036F502 /* Build configuration list for PBXNativeTarget "QuizrTests" */ = {
			isa = XCConfigurationList;
			buildConfigurations = (
				FB37BB3F25AC68930036F502 /* Debug */,
				FB37BB4025AC68930036F502 /* Release */,
			);
			defaultConfigurationIsVisible = 0;
			defaultConfigurationName = Release;
		};
		FB37BB4125AC68930036F502 /* Build configuration list for PBXNativeTarget "QuizrUITests" */ = {
			isa = XCConfigurationList;
			buildConfigurations = (
				FB37BB4225AC68930036F502 /* Debug */,
				FB37BB4325AC68930036F502 /* Release */,
			);
			defaultConfigurationIsVisible = 0;
			defaultConfigurationName = Release;
		};
/* End XCConfigurationList section */
	};
	rootObject = FB37BB0925AC68910036F502 /* Project object */;
}
